// !$*UTF8*$!
{
	archiveVersion = 1;
	classes = {
	};
	objectVersion = 46;
	objects = {

/* Begin PBXBuildFile section */
		CD0C9AB9194A8F0100751CFA /* Foundation.framework in Frameworks */ = {isa = PBXBuildFile; fileRef = CD0C9AB8194A8F0100751CFA /* Foundation.framework */; };
		CD0C9ABB194A8F0100751CFA /* CoreGraphics.framework in Frameworks */ = {isa = PBXBuildFile; fileRef = CD0C9ABA194A8F0100751CFA /* CoreGraphics.framework */; };
		CD0C9ABD194A8F0100751CFA /* UIKit.framework in Frameworks */ = {isa = PBXBuildFile; fileRef = CD0C9ABC194A8F0100751CFA /* UIKit.framework */; };
		CD0C9AC3194A8F0100751CFA /* InfoPlist.strings in Resources */ = {isa = PBXBuildFile; fileRef = CD0C9AC1194A8F0100751CFA /* InfoPlist.strings */; };
		CD0C9AC5194A8F0100751CFA /* main.m in Sources */ = {isa = PBXBuildFile; fileRef = CD0C9AC4194A8F0100751CFA /* main.m */; };
		CD0C9AC9194A8F0100751CFA /* AppDelegate.m in Sources */ = {isa = PBXBuildFile; fileRef = CD0C9AC8194A8F0100751CFA /* AppDelegate.m */; };
		CD0C9ACC194A8F0100751CFA /* Main.storyboard in Resources */ = {isa = PBXBuildFile; fileRef = CD0C9ACA194A8F0100751CFA /* Main.storyboard */; };
		CD0C9ACF194A8F0100751CFA /* ViewController.m in Sources */ = {isa = PBXBuildFile; fileRef = CD0C9ACE194A8F0100751CFA /* ViewController.m */; };
		CD0C9AD1194A8F0100751CFA /* Images.xcassets in Resources */ = {isa = PBXBuildFile; fileRef = CD0C9AD0194A8F0100751CFA /* Images.xcassets */; };
		CD0C9AD8194A8F0100751CFA /* XCTest.framework in Frameworks */ = {isa = PBXBuildFile; fileRef = CD0C9AD7194A8F0100751CFA /* XCTest.framework */; };
		CD0C9AD9194A8F0100751CFA /* Foundation.framework in Frameworks */ = {isa = PBXBuildFile; fileRef = CD0C9AB8194A8F0100751CFA /* Foundation.framework */; };
		CD0C9ADA194A8F0100751CFA /* UIKit.framework in Frameworks */ = {isa = PBXBuildFile; fileRef = CD0C9ABC194A8F0100751CFA /* UIKit.framework */; };
		CD0C9AE2194A8F0100751CFA /* InfoPlist.strings in Resources */ = {isa = PBXBuildFile; fileRef = CD0C9AE0194A8F0100751CFA /* InfoPlist.strings */; };
		CD0C9AE4194A8F0100751CFA /* PageControlNavigationTests.m in Sources */ = {isa = PBXBuildFile; fileRef = CD0C9AE3194A8F0100751CFA /* PageControlNavigationTests.m */; };
		CD0C9AF1194A994C00751CFA /* 保罗克利-肖像.png in Resources */ = {isa = PBXBuildFile; fileRef = CD0C9AEE194A994C00751CFA /* 保罗克利-肖像.png */; };
		CD0C9AF2194A994C00751CFA /* 罗丹-思想者.png in Resources */ = {isa = PBXBuildFile; fileRef = CD0C9AEF194A994C00751CFA /* 罗丹-思想者.png */; };
		CD0C9AF3194A994C00751CFA /* 达芬奇-蒙娜丽莎.png in Resources */ = {isa = PBXBuildFile; fileRef = CD0C9AF0194A994C00751CFA /* 达芬奇-蒙娜丽莎.png */; };
/* End PBXBuildFile section */

/* Begin PBXContainerItemProxy section */
		CD0C9ADB194A8F0100751CFA /* PBXContainerItemProxy */ = {
			isa = PBXContainerItemProxy;
			containerPortal = CD0C9AAD194A8F0100751CFA /* Project object */;
			proxyType = 1;
			remoteGlobalIDString = CD0C9AB4194A8F0100751CFA;
			remoteInfo = PageControlNavigation;
		};
/* End PBXContainerItemProxy section */

/* Begin PBXFileReference section */
		CD0C9AB5194A8F0100751CFA /* PageControlNavigation.app */ = {isa = PBXFileReference; explicitFileType = wrapper.application; includeInIndex = 0; path = PageControlNavigation.app; sourceTree = BUILT_PRODUCTS_DIR; };
		CD0C9AB8194A8F0100751CFA /* Foundation.framework */ = {isa = PBXFileReference; lastKnownFileType = wrapper.framework; name = Foundation.framework; path = System/Library/Frameworks/Foundation.framework; sourceTree = SDKROOT; };
		CD0C9ABA194A8F0100751CFA /* CoreGraphics.framework */ = {isa = PBXFileReference; lastKnownFileType = wrapper.framework; name = CoreGraphics.framework; path = System/Library/Frameworks/CoreGraphics.framework; sourceTree = SDKROOT; };
		CD0C9ABC194A8F0100751CFA /* UIKit.framework */ = {isa = PBXFileReference; lastKnownFileType = wrapper.framework; name = UIKit.framework; path = System/Library/Frameworks/UIKit.framework; sourceTree = SDKROOT; };
		CD0C9AC0194A8F0100751CFA /* PageControlNavigation-Info.plist */ = {isa = PBXFileReference; lastKnownFileType = text.plist.xml; path = "PageControlNavigation-Info.plist"; sourceTree = "<group>"; };
		CD0C9AC2194A8F0100751CFA /* en */ = {isa = PBXFileReference; lastKnownFileType = text.plist.strings; name = en; path = en.lproj/InfoPlist.strings; sourceTree = "<group>"; };
		CD0C9AC4194A8F0100751CFA /* main.m */ = {isa = PBXFileReference; lastKnownFileType = sourcecode.c.objc; path = main.m; sourceTree = "<group>"; };
		CD0C9AC6194A8F0100751CFA /* PageControlNavigation-Prefix.pch */ = {isa = PBXFileReference; lastKnownFileType = sourcecode.c.h; path = "PageControlNavigation-Prefix.pch"; sourceTree = "<group>"; };
		CD0C9AC7194A8F0100751CFA /* AppDelegate.h */ = {isa = PBXFileReference; lastKnownFileType = sourcecode.c.h; path = AppDelegate.h; sourceTree = "<group>"; };
		CD0C9AC8194A8F0100751CFA /* AppDelegate.m */ = {isa = PBXFileReference; lastKnownFileType = sourcecode.c.objc; path = AppDelegate.m; sourceTree = "<group>"; };
		CD0C9ACB194A8F0100751CFA /* Base */ = {isa = PBXFileReference; lastKnownFileType = file.storyboard; name = Base; path = Base.lproj/Main.storyboard; sourceTree = "<group>"; };
		CD0C9ACD194A8F0100751CFA /* ViewController.h */ = {isa = PBXFileReference; lastKnownFileType = sourcecode.c.h; path = ViewController.h; sourceTree = "<group>"; };
		CD0C9ACE194A8F0100751CFA /* ViewController.m */ = {isa = PBXFileReference; lastKnownFileType = sourcecode.c.objc; path = ViewController.m; sourceTree = "<group>"; };
		CD0C9AD0194A8F0100751CFA /* Images.xcassets */ = {isa = PBXFileReference; lastKnownFileType = folder.assetcatalog; path = Images.xcassets; sourceTree = "<group>"; };
		CD0C9AD6194A8F0100751CFA /* PageControlNavigationTests.xctest */ = {isa = PBXFileReference; explicitFileType = wrapper.cfbundle; includeInIndex = 0; path = PageControlNavigationTests.xctest; sourceTree = BUILT_PRODUCTS_DIR; };
		CD0C9AD7194A8F0100751CFA /* XCTest.framework */ = {isa = PBXFileReference; lastKnownFileType = wrapper.framework; name = XCTest.framework; path = Library/Frameworks/XCTest.framework; sourceTree = DEVELOPER_DIR; };
		CD0C9ADF194A8F0100751CFA /* PageControlNavigationTests-Info.plist */ = {isa = PBXFileReference; lastKnownFileType = text.plist.xml; path = "PageControlNavigationTests-Info.plist"; sourceTree = "<group>"; };
		CD0C9AE1194A8F0100751CFA /* en */ = {isa = PBXFileReference; lastKnownFileType = text.plist.strings; name = en; path = en.lproj/InfoPlist.strings; sourceTree = "<group>"; };
		CD0C9AE3194A8F0100751CFA /* PageControlNavigationTests.m */ = {isa = PBXFileReference; lastKnownFileType = sourcecode.c.objc; path = PageControlNavigationTests.m; sourceTree = "<group>"; };
		CD0C9AEE194A994C00751CFA /* 保罗克利-肖像.png */ = {isa = PBXFileReference; lastKnownFileType = image.png; path = "保罗克利-肖像.png"; sourceTree = "<group>"; };
		CD0C9AEF194A994C00751CFA /* 罗丹-思想者.png */ = {isa = PBXFileReference; lastKnownFileType = image.png; path = "罗丹-思想者.png"; sourceTree = "<group>"; };
		CD0C9AF0194A994C00751CFA /* 达芬奇-蒙娜丽莎.png */ = {isa = PBXFileReference; lastKnownFileType = image.png; path = "达芬奇-蒙娜丽莎.png"; sourceTree = "<group>"; };
/* End PBXFileReference section */

/* Begin PBXFrameworksBuildPhase section */
		CD0C9AB2194A8F0100751CFA /* Frameworks */ = {
			isa = PBXFrameworksBuildPhase;
			buildActionMask = 2147483647;
			files = (
				CD0C9ABB194A8F0100751CFA /* CoreGraphics.framework in Frameworks */,
				CD0C9ABD194A8F0100751CFA /* UIKit.framework in Frameworks */,
				CD0C9AB9194A8F0100751CFA /* Foundation.framework in Frameworks */,
			);
			runOnlyForDeploymentPostprocessing = 0;
		};
		CD0C9AD3194A8F0100751CFA /* Frameworks */ = {
			isa = PBXFrameworksBuildPhase;
			buildActionMask = 2147483647;
			files = (
				CD0C9AD8194A8F0100751CFA /* XCTest.framework in Frameworks */,
				CD0C9ADA194A8F0100751CFA /* UIKit.framework in Frameworks */,
				CD0C9AD9194A8F0100751CFA /* Foundation.framework in Frameworks */,
			);
			runOnlyForDeploymentPostprocessing = 0;
		};
/* End PBXFrameworksBuildPhase section */

/* Begin PBXGroup section */
		CD0C9AAC194A8F0100751CFA = {
			isa = PBXGroup;
			children = (
				CD0C9AED194A994C00751CFA /* images */,
				CD0C9ABE194A8F0100751CFA /* PageControlNavigation */,
				CD0C9ADD194A8F0100751CFA /* PageControlNavigationTests */,
				CD0C9AB7194A8F0100751CFA /* Frameworks */,
				CD0C9AB6194A8F0100751CFA /* Products */,
			);
			sourceTree = "<group>";
		};
		CD0C9AB6194A8F0100751CFA /* Products */ = {
			isa = PBXGroup;
			children = (
				CD0C9AB5194A8F0100751CFA /* PageControlNavigation.app */,
				CD0C9AD6194A8F0100751CFA /* PageControlNavigationTests.xctest */,
			);
			name = Products;
			sourceTree = "<group>";
		};
		CD0C9AB7194A8F0100751CFA /* Frameworks */ = {
			isa = PBXGroup;
			children = (
				CD0C9AB8194A8F0100751CFA /* Foundation.framework */,
				CD0C9ABA194A8F0100751CFA /* CoreGraphics.framework */,
				CD0C9ABC194A8F0100751CFA /* UIKit.framework */,
				CD0C9AD7194A8F0100751CFA /* XCTest.framework */,
			);
			name = Frameworks;
			sourceTree = "<group>";
		};
		CD0C9ABE194A8F0100751CFA /* PageControlNavigation */ = {
			isa = PBXGroup;
			children = (
				CD0C9AC7194A8F0100751CFA /* AppDelegate.h */,
				CD0C9AC8194A8F0100751CFA /* AppDelegate.m */,
				CD0C9ACA194A8F0100751CFA /* Main.storyboard */,
				CD0C9ACD194A8F0100751CFA /* ViewController.h */,
				CD0C9ACE194A8F0100751CFA /* ViewController.m */,
				CD0C9AD0194A8F0100751CFA /* Images.xcassets */,
				CD0C9ABF194A8F0100751CFA /* Supporting Files */,
			);
			path = PageControlNavigation;
			sourceTree = "<group>";
		};
		CD0C9ABF194A8F0100751CFA /* Supporting Files */ = {
			isa = PBXGroup;
			children = (
				CD0C9AC0194A8F0100751CFA /* PageControlNavigation-Info.plist */,
				CD0C9AC1194A8F0100751CFA /* InfoPlist.strings */,
				CD0C9AC4194A8F0100751CFA /* main.m */,
				CD0C9AC6194A8F0100751CFA /* PageControlNavigation-Prefix.pch */,
			);
			name = "Supporting Files";
			sourceTree = "<group>";
		};
		CD0C9ADD194A8F0100751CFA /* PageControlNavigationTests */ = {
			isa = PBXGroup;
			children = (
				CD0C9AE3194A8F0100751CFA /* PageControlNavigationTests.m */,
				CD0C9ADE194A8F0100751CFA /* Supporting Files */,
			);
			path = PageControlNavigationTests;
			sourceTree = "<group>";
		};
		CD0C9ADE194A8F0100751CFA /* Supporting Files */ = {
			isa = PBXGroup;
			children = (
				CD0C9ADF194A8F0100751CFA /* PageControlNavigationTests-Info.plist */,
				CD0C9AE0194A8F0100751CFA /* InfoPlist.strings */,
			);
			name = "Supporting Files";
			sourceTree = "<group>";
		};
		CD0C9AED194A994C00751CFA /* images */ = {
			isa = PBXGroup;
			children = (
				CD0C9AEE194A994C00751CFA /* 保罗克利-肖像.png */,
				CD0C9AEF194A994C00751CFA /* 罗丹-思想者.png */,
				CD0C9AF0194A994C00751CFA /* 达芬奇-蒙娜丽莎.png */,
			);
			path = images;
			sourceTree = "<group>";
		};
/* End PBXGroup section */

/* Begin PBXNativeTarget section */
		CD0C9AB4194A8F0100751CFA /* PageControlNavigation */ = {
			isa = PBXNativeTarget;
			buildConfigurationList = CD0C9AE7194A8F0100751CFA /* Build configuration list for PBXNativeTarget "PageControlNavigation" */;
			buildPhases = (
				CD0C9AB1194A8F0100751CFA /* Sources */,
				CD0C9AB2194A8F0100751CFA /* Frameworks */,
				CD0C9AB3194A8F0100751CFA /* Resources */,
			);
			buildRules = (
			);
			dependencies = (
			);
			name = PageControlNavigation;
			productName = PageControlNavigation;
			productReference = CD0C9AB5194A8F0100751CFA /* PageControlNavigation.app */;
			productType = "com.apple.product-type.application";
		};
		CD0C9AD5194A8F0100751CFA /* PageControlNavigationTests */ = {
			isa = PBXNativeTarget;
			buildConfigurationList = CD0C9AEA194A8F0100751CFA /* Build configuration list for PBXNativeTarget "PageControlNavigationTests" */;
			buildPhases = (
				CD0C9AD2194A8F0100751CFA /* Sources */,
				CD0C9AD3194A8F0100751CFA /* Frameworks */,
				CD0C9AD4194A8F0100751CFA /* Resources */,
			);
			buildRules = (
			);
			dependencies = (
				CD0C9ADC194A8F0100751CFA /* PBXTargetDependency */,
			);
			name = PageControlNavigationTests;
			productName = PageControlNavigationTests;
			productReference = CD0C9AD6194A8F0100751CFA /* PageControlNavigationTests.xctest */;
			productType = "com.apple.product-type.bundle.unit-test";
		};
/* End PBXNativeTarget section */

/* Begin PBXProject section */
		CD0C9AAD194A8F0100751CFA /* Project object */ = {
			isa = PBXProject;
			attributes = {
				LastUpgradeCheck = 0510;
				ORGANIZATIONNAME = Patrick;
				TargetAttributes = {
					CD0C9AD5194A8F0100751CFA = {
						TestTargetID = CD0C9AB4194A8F0100751CFA;
					};
				};
			};
			buildConfigurationList = CD0C9AB0194A8F0100751CFA /* Build configuration list for PBXProject "PageControlNavigation" */;
			compatibilityVersion = "Xcode 3.2";
			developmentRegion = English;
			hasScannedForEncodings = 0;
			knownRegions = (
				en,
				Base,
			);
			mainGroup = CD0C9AAC194A8F0100751CFA;
			productRefGroup = CD0C9AB6194A8F0100751CFA /* Products */;
			projectDirPath = "";
			projectRoot = "";
			targets = (
				CD0C9AB4194A8F0100751CFA /* PageControlNavigation */,
				CD0C9AD5194A8F0100751CFA /* PageControlNavigationTests */,
			);
		};
/* End PBXProject section */

/* Begin PBXResourcesBuildPhase section */
		CD0C9AB3194A8F0100751CFA /* Resources */ = {
			isa = PBXResourcesBuildPhase;
			buildActionMask = 2147483647;
			files = (
				CD0C9AF2194A994C00751CFA /* 罗丹-思想者.png in Resources */,
				CD0C9AF1194A994C00751CFA /* 保罗克利-肖像.png in Resources */,
				CD0C9AD1194A8F0100751CFA /* Images.xcassets in Resources */,
				CD0C9AC3194A8F0100751CFA /* InfoPlist.strings in Resources */,
				CD0C9ACC194A8F0100751CFA /* Main.storyboard in Resources */,
				CD0C9AF3194A994C00751CFA /* 达芬奇-蒙娜丽莎.png in Resources */,
			);
			runOnlyForDeploymentPostprocessing = 0;
		};
		CD0C9AD4194A8F0100751CFA /* Resources */ = {
			isa = PBXResourcesBuildPhase;
			buildActionMask = 2147483647;
			files = (
				CD0C9AE2194A8F0100751CFA /* InfoPlist.strings in Resources */,
			);
			runOnlyForDeploymentPostprocessing = 0;
		};
/* End PBXResourcesBuildPhase section */

/* Begin PBXSourcesBuildPhase section */
		CD0C9AB1194A8F0100751CFA /* Sources */ = {
			isa = PBXSourcesBuildPhase;
			buildActionMask = 2147483647;
			files = (
				CD0C9ACF194A8F0100751CFA /* ViewController.m in Sources */,
				CD0C9AC9194A8F0100751CFA /* AppDelegate.m in Sources */,
				CD0C9AC5194A8F0100751CFA /* main.m in Sources */,
			);
			runOnlyForDeploymentPostprocessing = 0;
		};
		CD0C9AD2194A8F0100751CFA /* Sources */ = {
			isa = PBXSourcesBuildPhase;
			buildActionMask = 2147483647;
			files = (
				CD0C9AE4194A8F0100751CFA /* PageControlNavigationTests.m in Sources */,
			);
			runOnlyForDeploymentPostprocessing = 0;
		};
/* End PBXSourcesBuildPhase section */

/* Begin PBXTargetDependency section */
		CD0C9ADC194A8F0100751CFA /* PBXTargetDependency */ = {
			isa = PBXTargetDependency;
			target = CD0C9AB4194A8F0100751CFA /* PageControlNavigation */;
			targetProxy = CD0C9ADB194A8F0100751CFA /* PBXContainerItemProxy */;
		};
/* End PBXTargetDependency section */

/* Begin PBXVariantGroup section */
		CD0C9AC1194A8F0100751CFA /* InfoPlist.strings */ = {
			isa = PBXVariantGroup;
			children = (
				CD0C9AC2194A8F0100751CFA /* en */,
			);
			name = InfoPlist.strings;
			sourceTree = "<group>";
		};
		CD0C9ACA194A8F0100751CFA /* Main.storyboard */ = {
			isa = PBXVariantGroup;
			children = (
				CD0C9ACB194A8F0100751CFA /* Base */,
			);
			name = Main.storyboard;
			sourceTree = "<group>";
		};
		CD0C9AE0194A8F0100751CFA /* InfoPlist.strings */ = {
			isa = PBXVariantGroup;
			children = (
				CD0C9AE1194A8F0100751CFA /* en */,
			);
			name = InfoPlist.strings;
			sourceTree = "<group>";
		};
/* End PBXVariantGroup section */

/* Begin XCBuildConfiguration section */
		CD0C9AE5194A8F0100751CFA /* Debug */ = {
			isa = XCBuildConfiguration;
			buildSettings = {
				ALWAYS_SEARCH_USER_PATHS = NO;
				CLANG_CXX_LANGUAGE_STANDARD = "gnu++0x";
				CLANG_CXX_LIBRARY = "libc++";
				CLANG_ENABLE_MODULES = YES;
				CLANG_ENABLE_OBJC_ARC = YES;
				CLANG_WARN_BOOL_CONVERSION = YES;
				CLANG_WARN_CONSTANT_CONVERSION = YES;
				CLANG_WARN_DIRECT_OBJC_ISA_USAGE = YES_ERROR;
				CLANG_WARN_EMPTY_BODY = YES;
				CLANG_WARN_ENUM_CONVERSION = YES;
				CLANG_WARN_INT_CONVERSION = YES;
				CLANG_WARN_OBJC_ROOT_CLASS = YES_ERROR;
				CLANG_WARN__DUPLICATE_METHOD_MATCH = YES;
				"CODE_SIGN_IDENTITY[sdk=iphoneos*]" = "iPhone Developer";
				COPY_PHASE_STRIP = NO;
				GCC_C_LANGUAGE_STANDARD = gnu99;
				GCC_DYNAMIC_NO_PIC = NO;
				GCC_OPTIMIZATION_LEVEL = 0;
				GCC_PREPROCESSOR_DEFINITIONS = (
					"DEBUG=1",
					"$(inherited)",
				);
				GCC_SYMBOLS_PRIVATE_EXTERN = NO;
				GCC_WARN_64_TO_32_BIT_CONVERSION = YES;
				GCC_WARN_ABOUT_RETURN_TYPE = YES_ERROR;
				GCC_WARN_UNDECLARED_SELECTOR = YES;
				GCC_WARN_UNINITIALIZED_AUTOS = YES_AGGRESSIVE;
				GCC_WARN_UNUSED_FUNCTION = YES;
				GCC_WARN_UNUSED_VARIABLE = YES;
				IPHONEOS_DEPLOYMENT_TARGET = 7.1;
				ONLY_ACTIVE_ARCH = YES;
				SDKROOT = iphoneos;
			};
			name = Debug;
		};
		CD0C9AE6194A8F0100751CFA /* Release */ = {
			isa = XCBuildConfiguration;
			buildSettings = {
				ALWAYS_SEARCH_USER_PATHS = NO;
				CLANG_CXX_LANGUAGE_STANDARD = "gnu++0x";
				CLANG_CXX_LIBRARY = "libc++";
				CLANG_ENABLE_MODULES = YES;
				CLANG_ENABLE_OBJC_ARC = YES;
				CLANG_WARN_BOOL_CONVERSION = YES;
				CLANG_WARN_CONSTANT_CONVERSION = YES;
				CLANG_WARN_DIRECT_OBJC_ISA_USAGE = YES_ERROR;
				CLANG_WARN_EMPTY_BODY = YES;
				CLANG_WARN_ENUM_CONVERSION = YES;
				CLANG_WARN_INT_CONVERSION = YES;
				CLANG_WARN_OBJC_ROOT_CLASS = YES_ERROR;
				CLANG_WARN__DUPLICATE_METHOD_MATCH = YES;
				"CODE_SIGN_IDENTITY[sdk=iphoneos*]" = "iPhone Developer";
				COPY_PHASE_STRIP = YES;
				ENABLE_NS_ASSERTIONS = NO;
				GCC_C_LANGUAGE_STANDARD = gnu99;
				GCC_WARN_64_TO_32_BIT_CONVERSION = YES;
				GCC_WARN_ABOUT_RETURN_TYPE = YES_ERROR;
				GCC_WARN_UNDECLARED_SELECTOR = YES;
				GCC_WARN_UNINITIALIZED_AUTOS = YES_AGGRESSIVE;
				GCC_WARN_UNUSED_FUNCTION = YES;
				GCC_WARN_UNUSED_VARIABLE = YES;
				IPHONEOS_DEPLOYMENT_TARGET = 7.1;
				SDKROOT = iphoneos;
				VALIDATE_PRODUCT = YES;
			};
			name = Release;
		};
		CD0C9AE8194A8F0100751CFA /* Debug */ = {
			isa = XCBuildConfiguration;
			buildSettings = {
				ASSETCATALOG_COMPILER_APPICON_NAME = AppIcon;
				ASSETCATALOG_COMPILER_LAUNCHIMAGE_NAME = LaunchImage;
				GCC_PRECOMPILE_PREFIX_HEADER = YES;
				GCC_PREFIX_HEADER = "PageControlNavigation/PageControlNavigation-Prefix.pch";
				INFOPLIST_FILE = "PageControlNavigation/PageControlNavigation-Info.plist";
				PRODUCT_NAME = "$(TARGET_NAME)";
				WRAPPER_EXTENSION = app;
			};
			name = Debug;
		};
		CD0C9AE9194A8F0100751CFA /* Release */ = {
			isa = XCBuildConfiguration;
			buildSettings = {
				ASSETCATALOG_COMPILER_APPICON_NAME = AppIcon;
				ASSETCATALOG_COMPILER_LAUNCHIMAGE_NAME = LaunchImage;
				GCC_PRECOMPILE_PREFIX_HEADER = YES;
				GCC_PREFIX_HEADER = "PageControlNavigation/PageControlNavigation-Prefix.pch";
				INFOPLIST_FILE = "PageControlNavigation/PageControlNavigation-Info.plist";
				PRODUCT_NAME = "$(TARGET_NAME)";
				WRAPPER_EXTENSION = app;
			};
			name = Release;
		};
		CD0C9AEB194A8F0100751CFA /* Debug */ = {
			isa = XCBuildConfiguration;
			buildSettings = {
				BUNDLE_LOADER = "$(BUILT_PRODUCTS_DIR)/PageControlNavigation.app/PageControlNavigation";
				FRAMEWORK_SEARCH_PATHS = (
					"$(SDKROOT)/Developer/Library/Frameworks",
					"$(inherited)",
					"$(DEVELOPER_FRAMEWORKS_DIR)",
				);
				GCC_PRECOMPILE_PREFIX_HEADER = YES;
				GCC_PREFIX_HEADER = "PageControlNavigation/PageControlNavigation-Prefix.pch";
				GCC_PREPROCESSOR_DEFINITIONS = (
					"DEBUG=1",
					"$(inherited)",
				);
				INFOPLIST_FILE = "PageControlNavigationTests/PageControlNavigationTests-Info.plist";
				PRODUCT_NAME = "$(TARGET_NAME)";
				TEST_HOST = "$(BUNDLE_LOADER)";
				WRAPPER_EXTENSION = xctest;
			};
			name = Debug;
		};
		CD0C9AEC194A8F0100751CFA /* Release */ = {
			isa = XCBuildConfiguration;
			buildSettings = {
				BUNDLE_LOADER = "$(BUILT_PRODUCTS_DIR)/PageControlNavigation.app/PageControlNavigation";
				FRAMEWORK_SEARCH_PATHS = (
					"$(SDKROOT)/Developer/Library/Frameworks",
					"$(inherited)",
					"$(DEVELOPER_FRAMEWORKS_DIR)",
				);
				GCC_PRECOMPILE_PREFIX_HEADER = YES;
				GCC_PREFIX_HEADER = "PageControlNavigation/PageControlNavigation-Prefix.pch";
				INFOPLIST_FILE = "PageControlNavigationTests/PageControlNavigationTests-Info.plist";
				PRODUCT_NAME = "$(TARGET_NAME)";
				TEST_HOST = "$(BUNDLE_LOADER)";
				WRAPPER_EXTENSION = xctest;
			};
			name = Release;
		};
/* End XCBuildConfiguration section */

/* Begin XCConfigurationList section */
		CD0C9AB0194A8F0100751CFA /* Build configuration list for PBXProject "PageControlNavigation" */ = {
			isa = XCConfigurationList;
			buildConfigurations = (
				CD0C9AE5194A8F0100751CFA /* Debug */,
				CD0C9AE6194A8F0100751CFA /* Release */,
			);
			defaultConfigurationIsVisible = 0;
			defaultConfigurationName = Release;
		};
		CD0C9AE7194A8F0100751CFA /* Build configuration list for PBXNativeTarget "PageControlNavigation" */ = {
			isa = XCConfigurationList;
			buildConfigurations = (
				CD0C9AE8194A8F0100751CFA /* Debug */,
				CD0C9AE9194A8F0100751CFA /* Release */,
			);
			defaultConfigurationIsVisible = 0;
		};
		CD0C9AEA194A8F0100751CFA /* Build configuration list for PBXNativeTarget "PageControlNavigationTests" */ = {
			isa = XCConfigurationList;
			buildConfigurations = (
				CD0C9AEB194A8F0100751CFA /* Debug */,
				CD0C9AEC194A8F0100751CFA /* Release */,
			);
			defaultConfigurationIsVisible = 0;
		};
/* End XCConfigurationList section */
	};
	rootObject = CD0C9AAD194A8F0100751CFA /* Project object */;
}
